// !$*UTF8*$!
{
	archiveVersion = 1;
	classes = {
	};
	objectVersion = 46;
	objects = {

/* Begin PBXBuildFile section */
		8A3A0E731DFDCB0600A9FA2B /* AppDelegate.swift in Sources */ = {isa = PBXBuildFile; fileRef = 8A3A0E721DFDCB0600A9FA2B /* AppDelegate.swift */; };
		8A3A0E751DFDCB0600A9FA2B /* ViewController.swift in Sources */ = {isa = PBXBuildFile; fileRef = 8A3A0E741DFDCB0600A9FA2B /* ViewController.swift */; };
		8A3A0E781DFDCB0600A9FA2B /* Main.storyboard in Resources */ = {isa = PBXBuildFile; fileRef = 8A3A0E761DFDCB0600A9FA2B /* Main.storyboard */; };
		8A3A0E7A1DFDCB0600A9FA2B /* Assets.xcassets in Resources */ = {isa = PBXBuildFile; fileRef = 8A3A0E791DFDCB0600A9FA2B /* Assets.xcassets */; };
		8A3A0E7D1DFDCB0600A9FA2B /* LaunchScreen.storyboard in Resources */ = {isa = PBXBuildFile; fileRef = 8A3A0E7B1DFDCB0600A9FA2B /* LaunchScreen.storyboard */; };
		8A3A0E881DFDCB0600A9FA2B /* FourTests.swift in Sources */ = {isa = PBXBuildFile; fileRef = 8A3A0E871DFDCB0600A9FA2B /* FourTests.swift */; };
		8A3A0E931DFDCB0600A9FA2B /* FourUITests.swift in Sources */ = {isa = PBXBuildFile; fileRef = 8A3A0E921DFDCB0600A9FA2B /* FourUITests.swift */; };
		8A3A0EA11DFDCD0200A9FA2B /* Images.xcassets in Resources */ = {isa = PBXBuildFile; fileRef = 8A3A0EA01DFDCD0200A9FA2B /* Images.xcassets */; };
/* End PBXBuildFile section */

/* Begin PBXContainerItemProxy section */
		8A3A0E841DFDCB0600A9FA2B /* PBXContainerItemProxy */ = {
			isa = PBXContainerItemProxy;
			containerPortal = 8A3A0E671DFDCB0600A9FA2B /* Project object */;
			proxyType = 1;
			remoteGlobalIDString = 8A3A0E6E1DFDCB0600A9FA2B;
			remoteInfo = Four;
		};
		8A3A0E8F1DFDCB0600A9FA2B /* PBXContainerItemProxy */ = {
			isa = PBXContainerItemProxy;
			containerPortal = 8A3A0E671DFDCB0600A9FA2B /* Project object */;
			proxyType = 1;
			remoteGlobalIDString = 8A3A0E6E1DFDCB0600A9FA2B;
			remoteInfo = Four;
		};
/* End PBXContainerItemProxy section */

/* Begin PBXFileReference section */
		8A3A0E6F1DFDCB0600A9FA2B /* Four.app */ = {isa = PBXFileReference; explicitFileType = wrapper.application; includeInIndex = 0; path = Four.app; sourceTree = BUILT_PRODUCTS_DIR; };
		8A3A0E721DFDCB0600A9FA2B /* AppDelegate.swift */ = {isa = PBXFileReference; lastKnownFileType = sourcecode.swift; path = AppDelegate.swift; sourceTree = "<group>"; };
		8A3A0E741DFDCB0600A9FA2B /* ViewController.swift */ = {isa = PBXFileReference; lastKnownFileType = sourcecode.swift; path = ViewController.swift; sourceTree = "<group>"; };
		8A3A0E771DFDCB0600A9FA2B /* Base */ = {isa = PBXFileReference; lastKnownFileType = file.storyboard; name = Base; path = Base.lproj/Main.storyboard; sourceTree = "<group>"; };
		8A3A0E791DFDCB0600A9FA2B /* Assets.xcassets */ = {isa = PBXFileReference; lastKnownFileType = folder.assetcatalog; path = Assets.xcassets; sourceTree = "<group>"; };
		8A3A0E7C1DFDCB0600A9FA2B /* Base */ = {isa = PBXFileReference; lastKnownFileType = file.storyboard; name = Base; path = Base.lproj/LaunchScreen.storyboard; sourceTree = "<group>"; };
		8A3A0E7E1DFDCB0600A9FA2B /* Info.plist */ = {isa = PBXFileReference; lastKnownFileType = text.plist.xml; path = Info.plist; sourceTree = "<group>"; };
		8A3A0E831DFDCB0600A9FA2B /* FourTests.xctest */ = {isa = PBXFileReference; explicitFileType = wrapper.cfbundle; includeInIndex = 0; path = FourTests.xctest; sourceTree = BUILT_PRODUCTS_DIR; };
		8A3A0E871DFDCB0600A9FA2B /* FourTests.swift */ = {isa = PBXFileReference; lastKnownFileType = sourcecode.swift; path = FourTests.swift; sourceTree = "<group>"; };
		8A3A0E891DFDCB0600A9FA2B /* Info.plist */ = {isa = PBXFileReference; lastKnownFileType = text.plist.xml; path = Info.plist; sourceTree = "<group>"; };
		8A3A0E8E1DFDCB0600A9FA2B /* FourUITests.xctest */ = {isa = PBXFileReference; explicitFileType = wrapper.cfbundle; includeInIndex = 0; path = FourUITests.xctest; sourceTree = BUILT_PRODUCTS_DIR; };
		8A3A0E921DFDCB0600A9FA2B /* FourUITests.swift */ = {isa = PBXFileReference; lastKnownFileType = sourcecode.swift; path = FourUITests.swift; sourceTree = "<group>"; };
		8A3A0E941DFDCB0600A9FA2B /* Info.plist */ = {isa = PBXFileReference; lastKnownFileType = text.plist.xml; path = Info.plist; sourceTree = "<group>"; };
		8A3A0EA01DFDCD0200A9FA2B /* Images.xcassets */ = {isa = PBXFileReference; lastKnownFileType = folder.assetcatalog; path = Images.xcassets; sourceTree = "<group>"; };
/* End PBXFileReference section */

/* Begin PBXFrameworksBuildPhase section */
		8A3A0E6C1DFDCB0600A9FA2B /* Frameworks */ = {
			isa = PBXFrameworksBuildPhase;
			buildActionMask = 2147483647;
			files = (
			);
			runOnlyForDeploymentPostprocessing = 0;
		};
		8A3A0E801DFDCB0600A9FA2B /* Frameworks */ = {
			isa = PBXFrameworksBuildPhase;
			buildActionMask = 2147483647;
			files = (
			);
			runOnlyForDeploymentPostprocessing = 0;
		};
		8A3A0E8B1DFDCB0600A9FA2B /* Frameworks */ = {
			isa = PBXFrameworksBuildPhase;
			buildActionMask = 2147483647;
			files = (
			);
			runOnlyForDeploymentPostprocessing = 0;
		};
/* End PBXFrameworksBuildPhase section */

/* Begin PBXGroup section */
		8A3A0E661DFDCB0600A9FA2B = {
			isa = PBXGroup;
			children = (
				8A3A0E711DFDCB0600A9FA2B /* Four */,
				8A3A0E861DFDCB0600A9FA2B /* FourTests */,
				8A3A0E911DFDCB0600A9FA2B /* FourUITests */,
				8A3A0E701DFDCB0600A9FA2B /* Products */,
			);
			sourceTree = "<group>";
		};
		8A3A0E701DFDCB0600A9FA2B /* Products */ = {
			isa = PBXGroup;
			children = (
				8A3A0E6F1DFDCB0600A9FA2B /* Four.app */,
				8A3A0E831DFDCB0600A9FA2B /* FourTests.xctest */,
				8A3A0E8E1DFDCB0600A9FA2B /* FourUITests.xctest */,
			);
			name = Products;
			sourceTree = "<group>";
		};
		8A3A0E711DFDCB0600A9FA2B /* Four */ = {
			isa = PBXGroup;
			children = (
				8A3A0E721DFDCB0600A9FA2B /* AppDelegate.swift */,
				8A3A0E741DFDCB0600A9FA2B /* ViewController.swift */,
				8A3A0E761DFDCB0600A9FA2B /* Main.storyboard */,
				8A3A0E791DFDCB0600A9FA2B /* Assets.xcassets */,
				8A3A0EA01DFDCD0200A9FA2B /* Images.xcassets */,
				8A3A0E7B1DFDCB0600A9FA2B /* LaunchScreen.storyboard */,
				8A3A0E7E1DFDCB0600A9FA2B /* Info.plist */,
			);
			path = Four;
			sourceTree = "<group>";
		};
		8A3A0E861DFDCB0600A9FA2B /* FourTests */ = {
			isa = PBXGroup;
			children = (
				8A3A0E871DFDCB0600A9FA2B /* FourTests.swift */,
				8A3A0E891DFDCB0600A9FA2B /* Info.plist */,
			);
			path = FourTests;
			sourceTree = "<group>";
		};
		8A3A0E911DFDCB0600A9FA2B /* FourUITests */ = {
			isa = PBXGroup;
			children = (
				8A3A0E921DFDCB0600A9FA2B /* FourUITests.swift */,
				8A3A0E941DFDCB0600A9FA2B /* Info.plist */,
			);
			path = FourUITests;
			sourceTree = "<group>";
		};
/* End PBXGroup section */

/* Begin PBXNativeTarget section */
		8A3A0E6E1DFDCB0600A9FA2B /* Four */ = {
			isa = PBXNativeTarget;
			buildConfigurationList = 8A3A0E971DFDCB0600A9FA2B /* Build configuration list for PBXNativeTarget "Four" */;
			buildPhases = (
				8A3A0E6B1DFDCB0600A9FA2B /* Sources */,
				8A3A0E6C1DFDCB0600A9FA2B /* Frameworks */,
				8A3A0E6D1DFDCB0600A9FA2B /* Resources */,
			);
			buildRules = (
			);
			dependencies = (
			);
			name = Four;
			productName = Four;
			productReference = 8A3A0E6F1DFDCB0600A9FA2B /* Four.app */;
			productType = "com.apple.product-type.application";
		};
		8A3A0E821DFDCB0600A9FA2B /* FourTests */ = {
			isa = PBXNativeTarget;
			buildConfigurationList = 8A3A0E9A1DFDCB0600A9FA2B /* Build configuration list for PBXNativeTarget "FourTests" */;
			buildPhases = (
				8A3A0E7F1DFDCB0600A9FA2B /* Sources */,
				8A3A0E801DFDCB0600A9FA2B /* Frameworks */,
				8A3A0E811DFDCB0600A9FA2B /* Resources */,
			);
			buildRules = (
			);
			dependencies = (
				8A3A0E851DFDCB0600A9FA2B /* PBXTargetDependency */,
			);
			name = FourTests;
			productName = FourTests;
			productReference = 8A3A0E831DFDCB0600A9FA2B /* FourTests.xctest */;
			productType = "com.apple.product-type.bundle.unit-test";
		};
		8A3A0E8D1DFDCB0600A9FA2B /* FourUITests */ = {
			isa = PBXNativeTarget;
			buildConfigurationList = 8A3A0E9D1DFDCB0600A9FA2B /* Build configuration list for PBXNativeTarget "FourUITests" */;
			buildPhases = (
				8A3A0E8A1DFDCB0600A9FA2B /* Sources */,
				8A3A0E8B1DFDCB0600A9FA2B /* Frameworks */,
				8A3A0E8C1DFDCB0600A9FA2B /* Resources */,
			);
			buildRules = (
			);
			dependencies = (
				8A3A0E901DFDCB0600A9FA2B /* PBXTargetDependency */,
			);
			name = FourUITests;
			productName = FourUITests;
			productReference = 8A3A0E8E1DFDCB0600A9FA2B /* FourUITests.xctest */;
			productType = "com.apple.product-type.bundle.ui-testing";
		};
/* End PBXNativeTarget section */

/* Begin PBXProject section */
		8A3A0E671DFDCB0600A9FA2B /* Project object */ = {
			isa = PBXProject;
			attributes = {
				LastSwiftUpdateCheck = 0810;
				LastUpgradeCheck = 0810;
				ORGANIZATIONNAME = Arkera;
				TargetAttributes = {
					8A3A0E6E1DFDCB0600A9FA2B = {
						CreatedOnToolsVersion = 8.1;
						DevelopmentTeam = 84CSWF5CD7;
						ProvisioningStyle = Automatic;
					};
					8A3A0E821DFDCB0600A9FA2B = {
						CreatedOnToolsVersion = 8.1;
						DevelopmentTeam = 84CSWF5CD7;
						ProvisioningStyle = Automatic;
						TestTargetID = 8A3A0E6E1DFDCB0600A9FA2B;
					};
					8A3A0E8D1DFDCB0600A9FA2B = {
						CreatedOnToolsVersion = 8.1;
						DevelopmentTeam = 84CSWF5CD7;
						ProvisioningStyle = Automatic;
						TestTargetID = 8A3A0E6E1DFDCB0600A9FA2B;
					};
				};
			};
			buildConfigurationList = 8A3A0E6A1DFDCB0600A9FA2B /* Build configuration list for PBXProject "Four" */;
			compatibilityVersion = "Xcode 3.2";
			developmentRegion = English;
			hasScannedForEncodings = 0;
			knownRegions = (
				en,
				Base,
			);
			mainGroup = 8A3A0E661DFDCB0600A9FA2B;
			productRefGroup = 8A3A0E701DFDCB0600A9FA2B /* Products */;
			projectDirPath = "";
			projectRoot = "";
			targets = (
				8A3A0E6E1DFDCB0600A9FA2B /* Four */,
				8A3A0E821DFDCB0600A9FA2B /* FourTests */,
				8A3A0E8D1DFDCB0600A9FA2B /* FourUITests */,
			);
		};
/* End PBXProject section */

/* Begin PBXResourcesBuildPhase section */
		8A3A0E6D1DFDCB0600A9FA2B /* Resources */ = {
			isa = PBXResourcesBuildPhase;
			buildActionMask = 2147483647;
			files = (
				8A3A0E7D1DFDCB0600A9FA2B /* LaunchScreen.storyboard in Resources */,
				8A3A0EA11DFDCD0200A9FA2B /* Images.xcassets in Resources */,
				8A3A0E7A1DFDCB0600A9FA2B /* Assets.xcassets in Resources */,
				8A3A0E781DFDCB0600A9FA2B /* Main.storyboard in Resources */,
			);
			runOnlyForDeploymentPostprocessing = 0;
		};
		8A3A0E811DFDCB0600A9FA2B /* Resources */ = {
			isa = PBXResourcesBuildPhase;
			buildActionMask = 2147483647;
			files = (
			);
			runOnlyForDeploymentPostprocessing = 0;
		};
		8A3A0E8C1DFDCB0600A9FA2B /* Resources */ = {
			isa = PBXResourcesBuildPhase;
			buildActionMask = 2147483647;
			files = (
			);
			runOnlyForDeploymentPostprocessing = 0;
		};
/* End PBXResourcesBuildPhase section */

/* Begin PBXSourcesBuildPhase section */
		8A3A0E6B1DFDCB0600A9FA2B /* Sources */ = {
			isa = PBXSourcesBuildPhase;
			buildActionMask = 2147483647;
			files = (
				8A3A0E751DFDCB0600A9FA2B /* ViewController.swift in Sources */,
				8A3A0E731DFDCB0600A9FA2B /* AppDelegate.swift in Sources */,
			);
			runOnlyForDeploymentPostprocessing = 0;
		};
		8A3A0E7F1DFDCB0600A9FA2B /* Sources */ = {
			isa = PBXSourcesBuildPhase;
			buildActionMask = 2147483647;
			files = (
				8A3A0E881DFDCB0600A9FA2B /* FourTests.swift in Sources */,
			);
			runOnlyForDeploymentPostprocessing = 0;
		};
		8A3A0E8A1DFDCB0600A9FA2B /* Sources */ = {
			isa = PBXSourcesBuildPhase;
			buildActionMask = 2147483647;
			files = (
				8A3A0E931DFDCB0600A9FA2B /* FourUITests.swift in Sources */,
			);
			runOnlyForDeploymentPostprocessing = 0;
		};
/* End PBXSourcesBuildPhase section */

/* Begin PBXTargetDependency section */
		8A3A0E851DFDCB0600A9FA2B /* PBXTargetDependency */ = {
			isa = PBXTargetDependency;
			target = 8A3A0E6E1DFDCB0600A9FA2B /* Four */;
			targetProxy = 8A3A0E841DFDCB0600A9FA2B /* PBXContainerItemProxy */;
		};
		8A3A0E901DFDCB0600A9FA2B /* PBXTargetDependency */ = {
			isa = PBXTargetDependency;
			target = 8A3A0E6E1DFDCB0600A9FA2B /* Four */;
			targetProxy = 8A3A0E8F1DFDCB0600A9FA2B /* PBXContainerItemProxy */;
		};
/* End PBXTargetDependency section */

/* Begin PBXVariantGroup section */
		8A3A0E761DFDCB0600A9FA2B /* Main.storyboard */ = {
			isa = PBXVariantGroup;
			children = (
				8A3A0E771DFDCB0600A9FA2B /* Base */,
			);
			name = Main.storyboard;
			sourceTree = "<group>";
		};
		8A3A0E7B1DFDCB0600A9FA2B /* LaunchScreen.storyboard */ = {
			isa = PBXVariantGroup;
			children = (
				8A3A0E7C1DFDCB0600A9FA2B /* Base */,
			);
			name = LaunchScreen.storyboard;
			sourceTree = "<group>";
		};
/* End PBXVariantGroup section */

/* Begin XCBuildConfiguration section */
		8A3A0E951DFDCB0600A9FA2B /* Debug */ = {
			isa = XCBuildConfiguration;
			buildSettings = {
				ALWAYS_SEARCH_USER_PATHS = NO;
				CLANG_ANALYZER_NONNULL = YES;
				CLANG_CXX_LANGUAGE_STANDARD = "gnu++0x";
				CLANG_CXX_LIBRARY = "libc++";
				CLANG_ENABLE_MODULES = YES;
				CLANG_ENABLE_OBJC_ARC = YES;
				CLANG_WARN_BOOL_CONVERSION = YES;
				CLANG_WARN_CONSTANT_CONVERSION = YES;
				CLANG_WARN_DIRECT_OBJC_ISA_USAGE = YES_ERROR;
				CLANG_WARN_DOCUMENTATION_COMMENTS = YES;
				CLANG_WARN_EMPTY_BODY = YES;
				CLANG_WARN_ENUM_CONVERSION = YES;
				CLANG_WARN_INFINITE_RECURSION = YES;
				CLANG_WARN_INT_CONVERSION = YES;
				CLANG_WARN_OBJC_ROOT_CLASS = YES_ERROR;
				CLANG_WARN_SUSPICIOUS_MOVES = YES;
				CLANG_WARN_UNREACHABLE_CODE = YES;
				CLANG_WARN__DUPLICATE_METHOD_MATCH = YES;
				"CODE_SIGN_IDENTITY[sdk=iphoneos*]" = "iPhone Developer";
				COPY_PHASE_STRIP = NO;
				DEBUG_INFORMATION_FORMAT = dwarf;
				ENABLE_STRICT_OBJC_MSGSEND = YES;
				ENABLE_TESTABILITY = YES;
				GCC_C_LANGUAGE_STANDARD = gnu99;
				GCC_DYNAMIC_NO_PIC = NO;
				GCC_NO_COMMON_BLOCKS = YES;
				GCC_OPTIMIZATION_LEVEL = 0;
				GCC_PREPROCESSOR_DEFINITIONS = (
					"DEBUG=1",
					"$(inherited)",
				);
				GCC_WARN_64_TO_32_BIT_CONVERSION = YES;
				GCC_WARN_ABOUT_RETURN_TYPE = YES_ERROR;
				GCC_WARN_UNDECLARED_SELECTOR = YES;
				GCC_WARN_UNINITIALIZED_AUTOS = YES_AGGRESSIVE;
				GCC_WARN_UNUSED_FUNCTION = YES;
				GCC_WARN_UNUSED_VARIABLE = YES;
				IPHONEOS_DEPLOYMENT_TARGET = 10.1;
				MTL_ENABLE_DEBUG_INFO = YES;
				ONLY_ACTIVE_ARCH = YES;
				SDKROOT = iphoneos;
				SWIFT_ACTIVE_COMPILATION_CONDITIONS = DEBUG;
				SWIFT_OPTIMIZATION_LEVEL = "-Onone";
				TARGETED_DEVICE_FAMILY = "1,2";
			};
			name = Debug;
		};
		8A3A0E961DFDCB0600A9FA2B /* Release */ = {
			isa = XCBuildConfiguration;
			buildSettings = {
				ALWAYS_SEARCH_USER_PATHS = NO;
				CLANG_ANALYZER_NONNULL = YES;
				CLANG_CXX_LANGUAGE_STANDARD = "gnu++0x";
				CLANG_CXX_LIBRARY = "libc++";
				CLANG_ENABLE_MODULES = YES;
				CLANG_ENABLE_OBJC_ARC = YES;
				CLANG_WARN_BOOL_CONVERSION = YES;
				CLANG_WARN_CONSTANT_CONVERSION = YES;
				CLANG_WARN_DIRECT_OBJC_ISA_USAGE = YES_ERROR;
				CLANG_WARN_DOCUMENTATION_COMMENTS = YES;
				CLANG_WARN_EMPTY_BODY = YES;
				CLANG_WARN_ENUM_CONVERSION = YES;
				CLANG_WARN_INFINITE_RECURSION = YES;
				CLANG_WARN_INT_CONVERSION = YES;
				CLANG_WARN_OBJC_ROOT_CLASS = YES_ERROR;
				CLANG_WARN_SUSPICIOUS_MOVES = YES;
				CLANG_WARN_UNREACHABLE_CODE = YES;
				CLANG_WARN__DUPLICATE_METHOD_MATCH = YES;
				"CODE_SIGN_IDENTITY[sdk=iphoneos*]" = "iPhone Developer";
				COPY_PHASE_STRIP = NO;
				DEBUG_INFORMATION_FORMAT = "dwarf-with-dsym";
				ENABLE_NS_ASSERTIONS = NO;
				ENABLE_STRICT_OBJC_MSGSEND = YES;
				GCC_C_LANGUAGE_STANDARD = gnu99;
				GCC_NO_COMMON_BLOCKS = YES;
				GCC_WARN_64_TO_32_BIT_CONVERSION = YES;
				GCC_WARN_ABOUT_RETURN_TYPE = YES_ERROR;
				GCC_WARN_UNDECLARED_SELECTOR = YES;
				GCC_WARN_UNINITIALIZED_AUTOS = YES_AGGRESSIVE;
				GCC_WARN_UNUSED_FUNCTION = YES;
				GCC_WARN_UNUSED_VARIABLE = YES;
				IPHONEOS_DEPLOYMENT_TARGET = 10.1;
				MTL_ENABLE_DEBUG_INFO = NO;
				SDKROOT = iphoneos;
				SWIFT_OPTIMIZATION_LEVEL = "-Owholemodule";
				TARGETED_DEVICE_FAMILY = "1,2";
				VALIDATE_PRODUCT = YES;
			};
			name = Release;
		};
		8A3A0E981DFDCB0600A9FA2B /* Debug */ = {
			isa = XCBuildConfiguration;
			buildSettings = {
				ASSETCATALOG_COMPILER_APPICON_NAME = AppIcon;
				DEVELOPMENT_TEAM = 84CSWF5CD7;
				INFOPLIST_FILE = Four/Info.plist;
				LD_RUNPATH_SEARCH_PATHS = "$(inherited) @executable_path/Frameworks";
				PRODUCT_BUNDLE_IDENTIFIER = ai.arkera.Four;
				PRODUCT_NAME = "$(TARGET_NAME)";
				SWIFT_VERSION = 3.0;
			};
			name = Debug;
		};
		8A3A0E991DFDCB0600A9FA2B /* Release */ = {
			isa = XCBuildConfiguration;
			buildSettings = {
				ASSETCATALOG_COMPILER_APPICON_NAME = AppIcon;
				DEVELOPMENT_TEAM = 84CSWF5CD7;
				INFOPLIST_FILE = Four/Info.plist;
				LD_RUNPATH_SEARCH_PATHS = "$(inherited) @executable_path/Frameworks";
				PRODUCT_BUNDLE_IDENTIFIER = ai.arkera.Four;
				PRODUCT_NAME = "$(TARGET_NAME)";
				SWIFT_VERSION = 3.0;
			};
			name = Release;
		};
		8A3A0E9B1DFDCB0600A9FA2B /* Debug */ = {
			isa = XCBuildConfiguration;
			buildSettings = {
				ALWAYS_EMBED_SWIFT_STANDARD_LIBRARIES = YES;
				BUNDLE_LOADER = "$(TEST_HOST)";
				DEVELOPMENT_TEAM = 84CSWF5CD7;
				INFOPLIST_FILE = FourTests/Info.plist;
				LD_RUNPATH_SEARCH_PATHS = "$(inherited) @executable_path/Frameworks @loader_path/Frameworks";
				PRODUCT_BUNDLE_IDENTIFIER = ai.arkera.FourTests;
				PRODUCT_NAME = "$(TARGET_NAME)";
				SWIFT_VERSION = 3.0;
				TEST_HOST = "$(BUILT_PRODUCTS_DIR)/Four.app/Four";
			};
			name = Debug;
		};
		8A3A0E9C1DFDCB0600A9FA2B /* Release */ = {
			isa = XCBuildConfiguration;
			buildSettings = {
				ALWAYS_EMBED_SWIFT_STANDARD_LIBRARIES = YES;
				BUNDLE_LOADER = "$(TEST_HOST)";
				DEVELOPMENT_TEAM = 84CSWF5CD7;
				INFOPLIST_FILE = FourTests/Info.plist;
				LD_RUNPATH_SEARCH_PATHS = "$(inherited) @executable_path/Frameworks @loader_path/Frameworks";
				PRODUCT_BUNDLE_IDENTIFIER = ai.arkera.FourTests;
				PRODUCT_NAME = "$(TARGET_NAME)";
				SWIFT_VERSION = 3.0;
				TEST_HOST = "$(BUILT_PRODUCTS_DIR)/Four.app/Four";
			};
			name = Release;
		};
		8A3A0E9E1DFDCB0600A9FA2B /* Debug */ = {
			isa = XCBuildConfiguration;
			buildSettings = {
				ALWAYS_EMBED_SWIFT_STANDARD_LIBRARIES = YES;
				DEVELOPMENT_TEAM = 84CSWF5CD7;
				INFOPLIST_FILE = FourUITests/Info.plist;
				LD_RUNPATH_SEARCH_PATHS = "$(inherited) @executable_path/Frameworks @loader_path/Frameworks";
				PRODUCT_BUNDLE_IDENTIFIER = ai.arkera.FourUITests;
				PRODUCT_NAME = "$(TARGET_NAME)";
				SWIFT_VERSION = 3.0;
				TEST_TARGET_NAME = Four;
			};
			name = Debug;
		};
		8A3A0E9F1DFDCB0600A9FA2B /* Release */ = {
			isa = XCBuildConfiguration;
			buildSettings = {
				ALWAYS_EMBED_SWIFT_STANDARD_LIBRARIES = YES;
				DEVELOPMENT_TEAM = 84CSWF5CD7;
				INFOPLIST_FILE = FourUITests/Info.plist;
				LD_RUNPATH_SEARCH_PATHS = "$(inherited) @executable_path/Frameworks @loader_path/Frameworks";
				PRODUCT_BUNDLE_IDENTIFIER = ai.arkera.FourUITests;
				PRODUCT_NAME = "$(TARGET_NAME)";
				SWIFT_VERSION = 3.0;
				TEST_TARGET_NAME = Four;
			};
			name = Release;
		};
/* End XCBuildConfiguration section */

/* Begin XCConfigurationList section */
		8A3A0E6A1DFDCB0600A9FA2B /* Build configuration list for PBXProject "Four" */ = {
			isa = XCConfigurationList;
			buildConfigurations = (
				8A3A0E951DFDCB0600A9FA2B /* Debug */,
				8A3A0E961DFDCB0600A9FA2B /* Release */,
			);
			defaultConfigurationIsVisible = 0;
			defaultConfigurationName = Release;
		};
		8A3A0E971DFDCB0600A9FA2B /* Build configuration list for PBXNativeTarget "Four" */ = {
			isa = XCConfigurationList;
			buildConfigurations = (
				8A3A0E981DFDCB0600A9FA2B /* Debug */,
				8A3A0E991DFDCB0600A9FA2B /* Release */,
			);
			defaultConfigurationIsVisible = 0;
		};
		8A3A0E9A1DFDCB0600A9FA2B /* Build configuration list for PBXNativeTarget "FourTests" */ = {
			isa = XCConfigurationList;
			buildConfigurations = (
				8A3A0E9B1DFDCB0600A9FA2B /* Debug */,
				8A3A0E9C1DFDCB0600A9FA2B /* Release */,
			);
			defaultConfigurationIsVisible = 0;
		};
		8A3A0E9D1DFDCB0600A9FA2B /* Build configuration list for PBXNativeTarget "FourUITests" */ = {
			isa = XCConfigurationList;
			buildConfigurations = (
				8A3A0E9E1DFDCB0600A9FA2B /* Debug */,
				8A3A0E9F1DFDCB0600A9FA2B /* Release */,
			);
			defaultConfigurationIsVisible = 0;
		};
/* End XCConfigurationList section */
	};
	rootObject = 8A3A0E671DFDCB0600A9FA2B /* Project object */;
}
